
Microsoft Visual Studio Solution File, Format Version 12.00
# Visual Studio Version 17
VisualStudioVersion = 17.8.34408.163
MinimumVisualStudioVersion = 10.0.40219.1
Project("{8BC9CEB8-8B4A-11D0-8D11-00A0C91BC942}") = "RiskProgrammingProject", "RiskProgrammingProject\RiskProgrammingProject.vcxproj", "{9273A977-4F7F-43A8-B4A4-C262AB53CEB4}"
EndProject
Global
	GlobalSection(SolutionConfigurationPlatforms) = preSolution
		Debug|x64 = Debug|x64
		Debug|x86 = Debug|x86
		Release|x64 = Release|x64
		Release|x86 = Release|x86
	EndGlobalSection
	GlobalSection(ProjectConfigurationPlatforms) = postSolution
		{9273A977-4F7F-43A8-B4A4-C262AB53CEB4}.Debug|x64.ActiveCfg = Debug|x64
		{9273A977-4F7F-43A8-B4A4-C262AB53CEB4}.Debug|x64.Build.0 = Debug|x64
		{9273A977-4F7F-43A8-B4A4-C262AB53CEB4}.Debug|x86.ActiveCfg = Debug|Win32
		{9273A977-4F7F-43A8-B4A4-C262AB53CEB4}.Debug|x86.Build.0 = Debug|Win32
		{9273A977-4F7F-43A8-B4A4-C262AB53CEB4}.Release|x64.ActiveCfg = Release|x64
		{9273A977-4F7F-43A8-B4A4-C262AB53CEB4}.Release|x64.Build.0 = Release|x64
		{9273A977-4F7F-43A8-B4A4-C262AB53CEB4}.Release|x86.ActiveCfg = Release|Win32
		{9273A977-4F7F-43A8-B4A4-C262AB53CEB4}.Release|x86.Build.0 = Release|Win32
	EndGlobalSection
	GlobalSection(SolutionProperties) = preSolution
		HideSolutionNode = FALSE
	EndGlobalSection
	GlobalSection(ExtensibilityGlobals) = postSolution
		SolutionGuid = {4E6ECB69-0EB9-424A-BB14-6D8296493EF3}
	EndGlobalSection
EndGlobal
